
Microsoft Visual Studio Solution File, Format Version 12.00
# Visual Studio 14
VisualStudioVersion = 14.0.25420.1
MinimumVisualStudioVersion = 10.0.40219.1
Project("{FAE04EC0-301F-11D3-BF4B-00C04F79EFBC}") = "Matisco.Wpf", "Matisco.Wpf\Matisco.Wpf.csproj", "{0A6FA236-0FE2-40AB-92F7-21C650BD3FDE}"
EndProject
Project("{FAE04EC0-301F-11D3-BF4B-00C04F79EFBC}") = "Matisco.Wpf.Controls", "Matisco.Wpf.Controls\Matisco.Wpf.Controls.csproj", "{CCD09ED5-5267-4D08-9328-3E86487CA8D8}"
EndProject
Project("{FAE04EC0-301F-11D3-BF4B-00C04F79EFBC}") = "Matisco.WebApi.Client", "Matisco.WebApi.Client\Matisco.WebApi.Client.csproj", "{C925C2ED-1D32-4844-AE19-A2BC23930DA1}"
EndProject
Project("{2150E333-8FDC-42A3-9474-1A3956D46DE8}") = "Tests", "Tests", "{FE9BFF2C-B63F-41D6-8FAB-A7B1AA562215}"
EndProject
Project("{FAE04EC0-301F-11D3-BF4B-00C04F79EFBC}") = "Matisco.WebApi.Client.Specs", "Matisco.WebApi.Client.Specs\Matisco.WebApi.Client.Specs.csproj", "{B71EF476-D0C3-47C4-B362-DEDE6D5033D6}"
EndProject
Project("{2150E333-8FDC-42A3-9474-1A3956D46DE8}") = "Solution Items", "Solution Items", "{99BF369F-A53C-4897-A775-7095C3F85B54}"
	ProjectSection(SolutionItems) = preProject
		increment-minor-version.ps1 = increment-minor-version.ps1
		publish.ps1 = publish.ps1
		README.md = README.md
	EndProjectSection
EndProject
Project("{FAE04EC0-301F-11D3-BF4B-00C04F79EFBC}") = "Matisco.Domain", "Matisco.Domain\Matisco.Domain.csproj", "{2B8C7E70-4BB7-4959-8E06-78C021379DA2}"
EndProject
Project("{FAE04EC0-301F-11D3-BF4B-00C04F79EFBC}") = "Matisco.Domain.Specs", "Matisco.Domain.Specs\Matisco.Domain.Specs.csproj", "{6048D9BF-4365-4D75-B897-4A9A214830BA}"
EndProject
Project("{2150E333-8FDC-42A3-9474-1A3956D46DE8}") = "Example", "Example", "{9632E878-15C8-4EBA-A01F-31295FD24098}"
EndProject
Project("{FAE04EC0-301F-11D3-BF4B-00C04F79EFBC}") = "Example.BusinessApp", "Example.BusinessApp\Example.BusinessApp.csproj", "{5885EBCC-C4E1-461F-B618-3143754B86E3}"
EndProject
Project("{FAE04EC0-301F-11D3-BF4B-00C04F79EFBC}") = "Example.BusinessApp.Sales", "Example.BusinessApp.Sales\Example.BusinessApp.Sales.csproj", "{3BDC73D1-B95A-4578-9A91-A11FB0BCC31E}"
EndProject
Project("{FAE04EC0-301F-11D3-BF4B-00C04F79EFBC}") = "Example.BusinessApp.Infrastructure", "Example.BusinessApp.Infrastructure\Example.BusinessApp.Infrastructure.csproj", "{1BCEE73C-A1A7-4067-989F-F55421E5DF72}"
EndProject
Global
	GlobalSection(SolutionConfigurationPlatforms) = preSolution
		Debug|Any CPU = Debug|Any CPU
		Release|Any CPU = Release|Any CPU
	EndGlobalSection
	GlobalSection(ProjectConfigurationPlatforms) = postSolution
		{0A6FA236-0FE2-40AB-92F7-21C650BD3FDE}.Debug|Any CPU.ActiveCfg = Debug|Any CPU
		{0A6FA236-0FE2-40AB-92F7-21C650BD3FDE}.Debug|Any CPU.Build.0 = Debug|Any CPU
		{0A6FA236-0FE2-40AB-92F7-21C650BD3FDE}.Release|Any CPU.ActiveCfg = Release|Any CPU
		{0A6FA236-0FE2-40AB-92F7-21C650BD3FDE}.Release|Any CPU.Build.0 = Release|Any CPU
		{CCD09ED5-5267-4D08-9328-3E86487CA8D8}.Debug|Any CPU.ActiveCfg = Debug|Any CPU
		{CCD09ED5-5267-4D08-9328-3E86487CA8D8}.Debug|Any CPU.Build.0 = Debug|Any CPU
		{CCD09ED5-5267-4D08-9328-3E86487CA8D8}.Release|Any CPU.ActiveCfg = Release|Any CPU
		{CCD09ED5-5267-4D08-9328-3E86487CA8D8}.Release|Any CPU.Build.0 = Release|Any CPU
		{C925C2ED-1D32-4844-AE19-A2BC23930DA1}.Debug|Any CPU.ActiveCfg = Debug|Any CPU
		{C925C2ED-1D32-4844-AE19-A2BC23930DA1}.Debug|Any CPU.Build.0 = Debug|Any CPU
		{C925C2ED-1D32-4844-AE19-A2BC23930DA1}.Release|Any CPU.ActiveCfg = Release|Any CPU
		{C925C2ED-1D32-4844-AE19-A2BC23930DA1}.Release|Any CPU.Build.0 = Release|Any CPU
		{B71EF476-D0C3-47C4-B362-DEDE6D5033D6}.Debug|Any CPU.ActiveCfg = Debug|Any CPU
		{B71EF476-D0C3-47C4-B362-DEDE6D5033D6}.Debug|Any CPU.Build.0 = Debug|Any CPU
		{B71EF476-D0C3-47C4-B362-DEDE6D5033D6}.Release|Any CPU.ActiveCfg = Release|Any CPU
		{B71EF476-D0C3-47C4-B362-DEDE6D5033D6}.Release|Any CPU.Build.0 = Release|Any CPU
		{2B8C7E70-4BB7-4959-8E06-78C021379DA2}.Debug|Any CPU.ActiveCfg = Debug|Any CPU
		{2B8C7E70-4BB7-4959-8E06-78C021379DA2}.Debug|Any CPU.Build.0 = Debug|Any CPU
		{2B8C7E70-4BB7-4959-8E06-78C021379DA2}.Release|Any CPU.ActiveCfg = Release|Any CPU
		{2B8C7E70-4BB7-4959-8E06-78C021379DA2}.Release|Any CPU.Build.0 = Release|Any CPU
		{6048D9BF-4365-4D75-B897-4A9A214830BA}.Debug|Any CPU.ActiveCfg = Debug|Any CPU
		{6048D9BF-4365-4D75-B897-4A9A214830BA}.Debug|Any CPU.Build.0 = Debug|Any CPU
		{6048D9BF-4365-4D75-B897-4A9A214830BA}.Release|Any CPU.ActiveCfg = Release|Any CPU
		{6048D9BF-4365-4D75-B897-4A9A214830BA}.Release|Any CPU.Build.0 = Release|Any CPU
		{5885EBCC-C4E1-461F-B618-3143754B86E3}.Debug|Any CPU.ActiveCfg = Debug|Any CPU
		{5885EBCC-C4E1-461F-B618-3143754B86E3}.Debug|Any CPU.Build.0 = Debug|Any CPU
		{5885EBCC-C4E1-461F-B618-3143754B86E3}.Release|Any CPU.ActiveCfg = Release|Any CPU
		{5885EBCC-C4E1-461F-B618-3143754B86E3}.Release|Any CPU.Build.0 = Release|Any CPU
		{3BDC73D1-B95A-4578-9A91-A11FB0BCC31E}.Debug|Any CPU.ActiveCfg = Debug|Any CPU
		{3BDC73D1-B95A-4578-9A91-A11FB0BCC31E}.Debug|Any CPU.Build.0 = Debug|Any CPU
		{3BDC73D1-B95A-4578-9A91-A11FB0BCC31E}.Release|Any CPU.ActiveCfg = Release|Any CPU
		{3BDC73D1-B95A-4578-9A91-A11FB0BCC31E}.Release|Any CPU.Build.0 = Release|Any CPU
		{1BCEE73C-A1A7-4067-989F-F55421E5DF72}.Debug|Any CPU.ActiveCfg = Debug|Any CPU
		{1BCEE73C-A1A7-4067-989F-F55421E5DF72}.Debug|Any CPU.Build.0 = Debug|Any CPU
		{1BCEE73C-A1A7-4067-989F-F55421E5DF72}.Release|Any CPU.ActiveCfg = Release|Any CPU
		{1BCEE73C-A1A7-4067-989F-F55421E5DF72}.Release|Any CPU.Build.0 = Release|Any CPU
	EndGlobalSection
	GlobalSection(SolutionProperties) = preSolution
		HideSolutionNode = FALSE
	EndGlobalSection
	GlobalSection(NestedProjects) = preSolution
		{B71EF476-D0C3-47C4-B362-DEDE6D5033D6} = {FE9BFF2C-B63F-41D6-8FAB-A7B1AA562215}
		{6048D9BF-4365-4D75-B897-4A9A214830BA} = {FE9BFF2C-B63F-41D6-8FAB-A7B1AA562215}
		{5885EBCC-C4E1-461F-B618-3143754B86E3} = {9632E878-15C8-4EBA-A01F-31295FD24098}
		{3BDC73D1-B95A-4578-9A91-A11FB0BCC31E} = {9632E878-15C8-4EBA-A01F-31295FD24098}
		{1BCEE73C-A1A7-4067-989F-F55421E5DF72} = {9632E878-15C8-4EBA-A01F-31295FD24098}
	EndGlobalSection
EndGlobal
